
Microsoft Visual Studio Solution File, Format Version 12.00
# Visual Studio Version 16
VisualStudioVersion = 16.0.31613.86
MinimumVisualStudioVersion = 10.0.40219.1
Project("{FAE04EC0-301F-11D3-BF4B-00C04F79EFBC}") = "Sendy", "Sendy\Sendy.csproj", "{4AEC80C3-309D-4AEA-9FCE-BBF9CF940A49}"
EndProject
Global
	GlobalSection(SolutionConfigurationPlatforms) = preSolution
		Debug|Any CPU = Debug|Any CPU
		Release|Any CPU = Release|Any CPU
	EndGlobalSection
	GlobalSection(ProjectConfigurationPlatforms) = postSolution
		{4AEC80C3-309D-4AEA-9FCE-BBF9CF940A49}.Debug|Any CPU.ActiveCfg = Debug|Any CPU
		{4AEC80C3-309D-4AEA-9FCE-BBF9CF940A49}.Debug|Any CPU.Build.0 = Debug|Any CPU
		{4AEC80C3-309D-4AEA-9FCE-BBF9CF940A49}.Release|Any CPU.ActiveCfg = Release|Any CPU
		{4AEC80C3-309D-4AEA-9FCE-BBF9CF940A49}.Release|Any CPU.Build.0 = Release|Any CPU
	EndGlobalSection
	GlobalSection(SolutionProperties) = preSolution
		HideSolutionNode = FALSE
	EndGlobalSection
	GlobalSection(ExtensibilityGlobals) = postSolution
		SolutionGuid = {5611B27B-A483-405E-9EEF-88747C665CEF}
	EndGlobalSection
EndGlobal
